
Microsoft Visual Studio Solution File, Format Version 12.00
# Visual Studio Version 17
VisualStudioVersion = 17.14.36221.1
MinimumVisualStudioVersion = 10.0.40219.1
Project("{FAE04EC0-301F-11D3-BF4B-00C04F79EFBC}") = "ShifterUser", "ShifterUser.csproj", "{1462D1B2-8BBD-411C-9D77-6976640A7561}"
EndProject
Global
	GlobalSection(SolutionConfigurationPlatforms) = preSolution
		Debug|Any CPU = Debug|Any CPU
		Release|Any CPU = Release|Any CPU
	EndGlobalSection
	GlobalSection(ProjectConfigurationPlatforms) = postSolution
		{1462D1B2-8BBD-411C-9D77-6976640A7561}.Debug|Any CPU.ActiveCfg = Debug|Any CPU
		{1462D1B2-8BBD-411C-9D77-6976640A7561}.Debug|Any CPU.Build.0 = Debug|Any CPU
		{1462D1B2-8BBD-411C-9D77-6976640A7561}.Release|Any CPU.ActiveCfg = Release|Any CPU
		{1462D1B2-8BBD-411C-9D77-6976640A7561}.Release|Any CPU.Build.0 = Release|Any CPU
	EndGlobalSection
	GlobalSection(SolutionProperties) = preSolution
		HideSolutionNode = FALSE
	EndGlobalSection
	GlobalSection(ExtensibilityGlobals) = postSolution
		SolutionGuid = {AECF9F31-FC33-404D-86D1-7E534FBACDBB}
	EndGlobalSection
EndGlobal
