
Microsoft Visual Studio Solution File, Format Version 12.00
# Visual Studio Version 17
VisualStudioVersion = 17.14.36221.1 d17.14
MinimumVisualStudioVersion = 10.0.40219.1
Project("{FAE04EC0-301F-11D3-BF4B-00C04F79EFBC}") = "Shifter", "Shifter.csproj", "{DFFC74C2-B6E9-4E31-86BD-F47AC21F7946}"
EndProject
Global
	GlobalSection(SolutionConfigurationPlatforms) = preSolution
		Debug|Any CPU = Debug|Any CPU
		Release|Any CPU = Release|Any CPU
	EndGlobalSection
	GlobalSection(ProjectConfigurationPlatforms) = postSolution
		{DFFC74C2-B6E9-4E31-86BD-F47AC21F7946}.Debug|Any CPU.ActiveCfg = Debug|Any CPU
		{DFFC74C2-B6E9-4E31-86BD-F47AC21F7946}.Debug|Any CPU.Build.0 = Debug|Any CPU
		{DFFC74C2-B6E9-4E31-86BD-F47AC21F7946}.Release|Any CPU.ActiveCfg = Release|Any CPU
		{DFFC74C2-B6E9-4E31-86BD-F47AC21F7946}.Release|Any CPU.Build.0 = Release|Any CPU
	EndGlobalSection
	GlobalSection(SolutionProperties) = preSolution
		HideSolutionNode = FALSE
	EndGlobalSection
	GlobalSection(ExtensibilityGlobals) = postSolution
		SolutionGuid = {5AA06AD4-AE50-47CF-87CA-BDE7E7B77FF7}
	EndGlobalSection
EndGlobal
